
Microsoft Visual Studio Solution File, Format Version 12.00
# Visual Studio Express 2012 for Windows Desktop
Project("{FAE04EC0-301F-11D3-BF4B-00C04F79EFBC}") = "ManagerApp", "ManagerApp\ManagerApp.csproj", "{84AA623D-158F-4912-9EB4-836263FC2815}"
EndProject
Project("{FAE04EC0-301F-11D3-BF4B-00C04F79EFBC}") = "MainApp", "MainApp\MainApp.csproj", "{AD73B4F7-4461-48C4-90E7-DD1020F0B9D1}"
EndProject
Project("{FAE04EC0-301F-11D3-BF4B-00C04F79EFBC}") = "CommonLib", "CommonLib\CommonLib.csproj", "{EE3A51A7-FF6D-400E-899A-4561872B8A6A}"
EndProject
Project("{FAE04EC0-301F-11D3-BF4B-00C04F79EFBC}") = "MainLib", "MainLib\MainLib.csproj", "{C677CE9A-5AD1-4969-83A4-D744F7AF6CD2}"
EndProject
Global
	GlobalSection(SolutionConfigurationPlatforms) = preSolution
		Debug|Any CPU = Debug|Any CPU
		Release|Any CPU = Release|Any CPU
	EndGlobalSection
	GlobalSection(ProjectConfigurationPlatforms) = postSolution
		{84AA623D-158F-4912-9EB4-836263FC2815}.Debug|Any CPU.ActiveCfg = Debug|Any CPU
		{84AA623D-158F-4912-9EB4-836263FC2815}.Debug|Any CPU.Build.0 = Debug|Any CPU
		{84AA623D-158F-4912-9EB4-836263FC2815}.Release|Any CPU.ActiveCfg = Release|Any CPU
		{84AA623D-158F-4912-9EB4-836263FC2815}.Release|Any CPU.Build.0 = Release|Any CPU
		{AD73B4F7-4461-48C4-90E7-DD1020F0B9D1}.Debug|Any CPU.ActiveCfg = Debug|Any CPU
		{AD73B4F7-4461-48C4-90E7-DD1020F0B9D1}.Debug|Any CPU.Build.0 = Debug|Any CPU
		{AD73B4F7-4461-48C4-90E7-DD1020F0B9D1}.Release|Any CPU.ActiveCfg = Release|Any CPU
		{AD73B4F7-4461-48C4-90E7-DD1020F0B9D1}.Release|Any CPU.Build.0 = Release|Any CPU
		{EE3A51A7-FF6D-400E-899A-4561872B8A6A}.Debug|Any CPU.ActiveCfg = Debug|Any CPU
		{EE3A51A7-FF6D-400E-899A-4561872B8A6A}.Debug|Any CPU.Build.0 = Debug|Any CPU
		{EE3A51A7-FF6D-400E-899A-4561872B8A6A}.Release|Any CPU.ActiveCfg = Release|Any CPU
		{EE3A51A7-FF6D-400E-899A-4561872B8A6A}.Release|Any CPU.Build.0 = Release|Any CPU
		{C677CE9A-5AD1-4969-83A4-D744F7AF6CD2}.Debug|Any CPU.ActiveCfg = Debug|Any CPU
		{C677CE9A-5AD1-4969-83A4-D744F7AF6CD2}.Debug|Any CPU.Build.0 = Debug|Any CPU
		{C677CE9A-5AD1-4969-83A4-D744F7AF6CD2}.Release|Any CPU.ActiveCfg = Release|Any CPU
		{C677CE9A-5AD1-4969-83A4-D744F7AF6CD2}.Release|Any CPU.Build.0 = Release|Any CPU
	EndGlobalSection
	GlobalSection(SolutionProperties) = preSolution
		HideSolutionNode = FALSE
	EndGlobalSection
EndGlobal
